
Microsoft Visual Studio Solution File, Format Version 12.00
# Visual Studio Version 16
VisualStudioVersion = 16.0.32228.343
MinimumVisualStudioVersion = 10.0.40219.1
Project("{FAE04EC0-301F-11D3-BF4B-00C04F79EFBC}") = "databaseform", "databaseform.csproj", "{1296BC6C-58B1-4EA0-A87C-96A2D3DAB93D}"
EndProject
Global
	GlobalSection(SolutionConfigurationPlatforms) = preSolution
		Debug|Any CPU = Debug|Any CPU
		Release|Any CPU = Release|Any CPU
	EndGlobalSection
	GlobalSection(ProjectConfigurationPlatforms) = postSolution
		{1296BC6C-58B1-4EA0-A87C-96A2D3DAB93D}.Debug|Any CPU.ActiveCfg = Debug|Any CPU
		{1296BC6C-58B1-4EA0-A87C-96A2D3DAB93D}.Debug|Any CPU.Build.0 = Debug|Any CPU
		{1296BC6C-58B1-4EA0-A87C-96A2D3DAB93D}.Release|Any CPU.ActiveCfg = Release|Any CPU
		{1296BC6C-58B1-4EA0-A87C-96A2D3DAB93D}.Release|Any CPU.Build.0 = Release|Any CPU
	EndGlobalSection
	GlobalSection(SolutionProperties) = preSolution
		HideSolutionNode = FALSE
	EndGlobalSection
	GlobalSection(ExtensibilityGlobals) = postSolution
		SolutionGuid = {498C4F42-7D29-4DF2-BE63-9884D462AFC4}
	EndGlobalSection
EndGlobal
